
Microsoft Visual Studio Solution File, Format Version 12.00
# Visual Studio Version 16
VisualStudioVersion = 16.0.30523.141
MinimumVisualStudioVersion = 10.0.40219.1
Project("{8BC9CEB8-8B4A-11D0-8D11-00A0C91BC942}") = "LB__3", "LB__3.vcxproj", "{C59BA199-8936-4F37-9D7E-D4A11E60EB18}"
EndProject
Project("{8BC9CEB8-8B4A-11D0-8D11-00A0C91BC942}") = "Main", "Main\Main.vcxproj", "{0084CDC3-C500-4484-BDEB-A88007C24215}"
EndProject
Project("{8BC9CEB8-8B4A-11D0-8D11-00A0C91BC942}") = "LB__3A", "LB__3A\LB__3A.vcxproj", "{7699E570-252C-4F2C-9D44-F560DC072FE7}"
EndProject
Project("{8BC9CEB8-8B4A-11D0-8D11-00A0C91BC942}") = "LB__3B", "LB__3B\LB__3B.vcxproj", "{264A876A-09AC-48F3-8AF0-BDE77E1ADA4E}"
EndProject
Project("{8BC9CEB8-8B4A-11D0-8D11-00A0C91BC942}") = "LB__3V", "LB__3V\LB__3V.vcxproj", "{17A11DC4-FA4B-4967-8546-3C60E2A36477}"
EndProject
Project("{8BC9CEB8-8B4A-11D0-8D11-00A0C91BC942}") = "LB__3Г", "LB__3Г\LB__3Г.vcxproj", "{7CBDA287-82DF-4CB5-A5B6-F654A9624FBC}"
EndProject
Global
	GlobalSection(SolutionConfigurationPlatforms) = preSolution
		Debug|x64 = Debug|x64
		Debug|x86 = Debug|x86
		Release|x64 = Release|x64
		Release|x86 = Release|x86
	EndGlobalSection
	GlobalSection(ProjectConfigurationPlatforms) = postSolution
		{C59BA199-8936-4F37-9D7E-D4A11E60EB18}.Debug|x64.ActiveCfg = Debug|x64
		{C59BA199-8936-4F37-9D7E-D4A11E60EB18}.Debug|x64.Build.0 = Debug|x64
		{C59BA199-8936-4F37-9D7E-D4A11E60EB18}.Debug|x86.ActiveCfg = Debug|Win32
		{C59BA199-8936-4F37-9D7E-D4A11E60EB18}.Debug|x86.Build.0 = Debug|Win32
		{C59BA199-8936-4F37-9D7E-D4A11E60EB18}.Release|x64.ActiveCfg = Release|x64
		{C59BA199-8936-4F37-9D7E-D4A11E60EB18}.Release|x64.Build.0 = Release|x64
		{C59BA199-8936-4F37-9D7E-D4A11E60EB18}.Release|x86.ActiveCfg = Release|Win32
		{C59BA199-8936-4F37-9D7E-D4A11E60EB18}.Release|x86.Build.0 = Release|Win32
		{0084CDC3-C500-4484-BDEB-A88007C24215}.Debug|x64.ActiveCfg = Debug|x64
		{0084CDC3-C500-4484-BDEB-A88007C24215}.Debug|x64.Build.0 = Debug|x64
		{0084CDC3-C500-4484-BDEB-A88007C24215}.Debug|x86.ActiveCfg = Debug|Win32
		{0084CDC3-C500-4484-BDEB-A88007C24215}.Debug|x86.Build.0 = Debug|Win32
		{0084CDC3-C500-4484-BDEB-A88007C24215}.Release|x64.ActiveCfg = Release|x64
		{0084CDC3-C500-4484-BDEB-A88007C24215}.Release|x64.Build.0 = Release|x64
		{0084CDC3-C500-4484-BDEB-A88007C24215}.Release|x86.ActiveCfg = Release|Win32
		{0084CDC3-C500-4484-BDEB-A88007C24215}.Release|x86.Build.0 = Release|Win32
		{7699E570-252C-4F2C-9D44-F560DC072FE7}.Debug|x64.ActiveCfg = Debug|x64
		{7699E570-252C-4F2C-9D44-F560DC072FE7}.Debug|x64.Build.0 = Debug|x64
		{7699E570-252C-4F2C-9D44-F560DC072FE7}.Debug|x86.ActiveCfg = Debug|Win32
		{7699E570-252C-4F2C-9D44-F560DC072FE7}.Debug|x86.Build.0 = Debug|Win32
		{7699E570-252C-4F2C-9D44-F560DC072FE7}.Release|x64.ActiveCfg = Release|x64
		{7699E570-252C-4F2C-9D44-F560DC072FE7}.Release|x64.Build.0 = Release|x64
		{7699E570-252C-4F2C-9D44-F560DC072FE7}.Release|x86.ActiveCfg = Release|Win32
		{7699E570-252C-4F2C-9D44-F560DC072FE7}.Release|x86.Build.0 = Release|Win32
		{264A876A-09AC-48F3-8AF0-BDE77E1ADA4E}.Debug|x64.ActiveCfg = Debug|x64
		{264A876A-09AC-48F3-8AF0-BDE77E1ADA4E}.Debug|x64.Build.0 = Debug|x64
		{264A876A-09AC-48F3-8AF0-BDE77E1ADA4E}.Debug|x86.ActiveCfg = Debug|Win32
		{264A876A-09AC-48F3-8AF0-BDE77E1ADA4E}.Debug|x86.Build.0 = Debug|Win32
		{264A876A-09AC-48F3-8AF0-BDE77E1ADA4E}.Release|x64.ActiveCfg = Release|x64
		{264A876A-09AC-48F3-8AF0-BDE77E1ADA4E}.Release|x64.Build.0 = Release|x64
		{264A876A-09AC-48F3-8AF0-BDE77E1ADA4E}.Release|x86.ActiveCfg = Release|Win32
		{264A876A-09AC-48F3-8AF0-BDE77E1ADA4E}.Release|x86.Build.0 = Release|Win32
		{17A11DC4-FA4B-4967-8546-3C60E2A36477}.Debug|x64.ActiveCfg = Debug|x64
		{17A11DC4-FA4B-4967-8546-3C60E2A36477}.Debug|x64.Build.0 = Debug|x64
		{17A11DC4-FA4B-4967-8546-3C60E2A36477}.Debug|x86.ActiveCfg = Debug|Win32
		{17A11DC4-FA4B-4967-8546-3C60E2A36477}.Debug|x86.Build.0 = Debug|Win32
		{17A11DC4-FA4B-4967-8546-3C60E2A36477}.Release|x64.ActiveCfg = Release|x64
		{17A11DC4-FA4B-4967-8546-3C60E2A36477}.Release|x64.Build.0 = Release|x64
		{17A11DC4-FA4B-4967-8546-3C60E2A36477}.Release|x86.ActiveCfg = Release|Win32
		{17A11DC4-FA4B-4967-8546-3C60E2A36477}.Release|x86.Build.0 = Release|Win32
		{7CBDA287-82DF-4CB5-A5B6-F654A9624FBC}.Debug|x64.ActiveCfg = Debug|x64
		{7CBDA287-82DF-4CB5-A5B6-F654A9624FBC}.Debug|x64.Build.0 = Debug|x64
		{7CBDA287-82DF-4CB5-A5B6-F654A9624FBC}.Debug|x86.ActiveCfg = Debug|Win32
		{7CBDA287-82DF-4CB5-A5B6-F654A9624FBC}.Debug|x86.Build.0 = Debug|Win32
		{7CBDA287-82DF-4CB5-A5B6-F654A9624FBC}.Release|x64.ActiveCfg = Release|x64
		{7CBDA287-82DF-4CB5-A5B6-F654A9624FBC}.Release|x64.Build.0 = Release|x64
		{7CBDA287-82DF-4CB5-A5B6-F654A9624FBC}.Release|x86.ActiveCfg = Release|Win32
		{7CBDA287-82DF-4CB5-A5B6-F654A9624FBC}.Release|x86.Build.0 = Release|Win32
	EndGlobalSection
	GlobalSection(SolutionProperties) = preSolution
		HideSolutionNode = FALSE
	EndGlobalSection
	GlobalSection(ExtensibilityGlobals) = postSolution
		SolutionGuid = {F9EF3C82-6119-44BF-85B0-51633961088D}
	EndGlobalSection
EndGlobal
