
Microsoft Visual Studio Solution File, Format Version 12.00
# Visual Studio Version 16
VisualStudioVersion = 16.0.30523.141
MinimumVisualStudioVersion = 10.0.40219.1
Project("{8BC9CEB8-8B4A-11D0-8D11-00A0C91BC942}") = "LB__7", "LB__7.vcxproj", "{8D2C7F3F-DEEA-4D1A-B541-BF0519981A4F}"
EndProject
Project("{8BC9CEB8-8B4A-11D0-8D11-00A0C91BC942}") = "7A", "7A\7A.vcxproj", "{4B7BE202-83DF-4A3C-B176-9323163FC09C}"
EndProject
Project("{8BC9CEB8-8B4A-11D0-8D11-00A0C91BC942}") = "7В", "7В\7В.vcxproj", "{F74BB3FE-E40B-405D-A9B7-712BFEB43846}"
EndProject
Global
	GlobalSection(SolutionConfigurationPlatforms) = preSolution
		Debug|x64 = Debug|x64
		Debug|x86 = Debug|x86
		Release|x64 = Release|x64
		Release|x86 = Release|x86
	EndGlobalSection
	GlobalSection(ProjectConfigurationPlatforms) = postSolution
		{8D2C7F3F-DEEA-4D1A-B541-BF0519981A4F}.Debug|x64.ActiveCfg = Debug|x64
		{8D2C7F3F-DEEA-4D1A-B541-BF0519981A4F}.Debug|x64.Build.0 = Debug|x64
		{8D2C7F3F-DEEA-4D1A-B541-BF0519981A4F}.Debug|x86.ActiveCfg = Debug|Win32
		{8D2C7F3F-DEEA-4D1A-B541-BF0519981A4F}.Debug|x86.Build.0 = Debug|Win32
		{8D2C7F3F-DEEA-4D1A-B541-BF0519981A4F}.Release|x64.ActiveCfg = Release|x64
		{8D2C7F3F-DEEA-4D1A-B541-BF0519981A4F}.Release|x64.Build.0 = Release|x64
		{8D2C7F3F-DEEA-4D1A-B541-BF0519981A4F}.Release|x86.ActiveCfg = Release|Win32
		{8D2C7F3F-DEEA-4D1A-B541-BF0519981A4F}.Release|x86.Build.0 = Release|Win32
		{4B7BE202-83DF-4A3C-B176-9323163FC09C}.Debug|x64.ActiveCfg = Debug|x64
		{4B7BE202-83DF-4A3C-B176-9323163FC09C}.Debug|x64.Build.0 = Debug|x64
		{4B7BE202-83DF-4A3C-B176-9323163FC09C}.Debug|x86.ActiveCfg = Debug|Win32
		{4B7BE202-83DF-4A3C-B176-9323163FC09C}.Debug|x86.Build.0 = Debug|Win32
		{4B7BE202-83DF-4A3C-B176-9323163FC09C}.Release|x64.ActiveCfg = Release|x64
		{4B7BE202-83DF-4A3C-B176-9323163FC09C}.Release|x64.Build.0 = Release|x64
		{4B7BE202-83DF-4A3C-B176-9323163FC09C}.Release|x86.ActiveCfg = Release|Win32
		{4B7BE202-83DF-4A3C-B176-9323163FC09C}.Release|x86.Build.0 = Release|Win32
		{F74BB3FE-E40B-405D-A9B7-712BFEB43846}.Debug|x64.ActiveCfg = Debug|x64
		{F74BB3FE-E40B-405D-A9B7-712BFEB43846}.Debug|x64.Build.0 = Debug|x64
		{F74BB3FE-E40B-405D-A9B7-712BFEB43846}.Debug|x86.ActiveCfg = Debug|Win32
		{F74BB3FE-E40B-405D-A9B7-712BFEB43846}.Debug|x86.Build.0 = Debug|Win32
		{F74BB3FE-E40B-405D-A9B7-712BFEB43846}.Release|x64.ActiveCfg = Release|x64
		{F74BB3FE-E40B-405D-A9B7-712BFEB43846}.Release|x64.Build.0 = Release|x64
		{F74BB3FE-E40B-405D-A9B7-712BFEB43846}.Release|x86.ActiveCfg = Release|Win32
		{F74BB3FE-E40B-405D-A9B7-712BFEB43846}.Release|x86.Build.0 = Release|Win32
	EndGlobalSection
	GlobalSection(SolutionProperties) = preSolution
		HideSolutionNode = FALSE
	EndGlobalSection
	GlobalSection(ExtensibilityGlobals) = postSolution
		SolutionGuid = {3AC5546A-C5BC-4A38-BF7C-B245267D8727}
	EndGlobalSection
EndGlobal
